// !$*UTF8*$!
{
	archiveVersion = 1;
	classes = {
	};
	objectVersion = 46;
	objects = {

/* Begin PBXBuildFile section */
		5B8185F91E16170A0024A14C /* main.m in Sources */ = {isa = PBXBuildFile; fileRef = 5B8185F81E16170A0024A14C /* main.m */; };
		5B8185FC1E16170A0024A14C /* AppDelegate.m in Sources */ = {isa = PBXBuildFile; fileRef = 5B8185FB1E16170A0024A14C /* AppDelegate.m */; };
		5B8185FF1E16170A0024A14C /* RBScannerViewController.m in Sources */ = {isa = PBXBuildFile; fileRef = 5B8185FE1E16170A0024A14C /* RBScannerViewController.m */; };
		5B8186021E16170A0024A14C /* Main.storyboard in Resources */ = {isa = PBXBuildFile; fileRef = 5B8186001E16170A0024A14C /* Main.storyboard */; };
		5B8186041E16170A0024A14C /* Assets.xcassets in Resources */ = {isa = PBXBuildFile; fileRef = 5B8186031E16170A0024A14C /* Assets.xcassets */; };
		5B8186071E16170A0024A14C /* LaunchScreen.storyboard in Resources */ = {isa = PBXBuildFile; fileRef = 5B8186051E16170A0024A14C /* LaunchScreen.storyboard */; };
/* End PBXBuildFile section */

/* Begin PBXFileReference section */
		5B8185F41E16170A0024A14C /* QRBarcodeScanner Simple.app */ = {isa = PBXFileReference; explicitFileType = wrapper.application; includeInIndex = 0; path = "QRBarcodeScanner Simple.app"; sourceTree = BUILT_PRODUCTS_DIR; };
		5B8185F81E16170A0024A14C /* main.m */ = {isa = PBXFileReference; lastKnownFileType = sourcecode.c.objc; path = main.m; sourceTree = "<group>"; };
		5B8185FA1E16170A0024A14C /* AppDelegate.h */ = {isa = PBXFileReference; lastKnownFileType = sourcecode.c.h; path = AppDelegate.h; sourceTree = "<group>"; };
		5B8185FB1E16170A0024A14C /* AppDelegate.m */ = {isa = PBXFileReference; lastKnownFileType = sourcecode.c.objc; path = AppDelegate.m; sourceTree = "<group>"; };
		5B8185FD1E16170A0024A14C /* RBScannerViewController.h */ = {isa = PBXFileReference; lastKnownFileType = sourcecode.c.h; path = RBScannerViewController.h; sourceTree = "<group>"; };
		5B8185FE1E16170A0024A14C /* RBScannerViewController.m */ = {isa = PBXFileReference; lastKnownFileType = sourcecode.c.objc; path = RBScannerViewController.m; sourceTree = "<group>"; };
		5B8186011E16170A0024A14C /* Base */ = {isa = PBXFileReference; lastKnownFileType = file.storyboard; name = Base; path = Base.lproj/Main.storyboard; sourceTree = "<group>"; };
		5B8186031E16170A0024A14C /* Assets.xcassets */ = {isa = PBXFileReference; lastKnownFileType = folder.assetcatalog; path = Assets.xcassets; sourceTree = "<group>"; };
		5B8186061E16170A0024A14C /* Base */ = {isa = PBXFileReference; lastKnownFileType = file.storyboard; name = Base; path = Base.lproj/LaunchScreen.storyboard; sourceTree = "<group>"; };
		5B8186081E16170A0024A14C /* Info.plist */ = {isa = PBXFileReference; lastKnownFileType = text.plist.xml; path = Info.plist; sourceTree = "<group>"; };
/* End PBXFileReference section */

/* Begin PBXFrameworksBuildPhase section */
		5B8185F11E16170A0024A14C /* Frameworks */ = {
			isa = PBXFrameworksBuildPhase;
			buildActionMask = 2147483647;
			files = (
			);
			runOnlyForDeploymentPostprocessing = 0;
		};
/* End PBXFrameworksBuildPhase section */

/* Begin PBXGroup section */
		5B8185EB1E16170A0024A14C = {
			isa = PBXGroup;
			children = (
				5B8185F61E16170A0024A14C /* QRBarcodeScanner Simple */,
				5B8185F51E16170A0024A14C /* Products */,
			);
			sourceTree = "<group>";
		};
		5B8185F51E16170A0024A14C /* Products */ = {
			isa = PBXGroup;
			children = (
				5B8185F41E16170A0024A14C /* QRBarcodeScanner Simple.app */,
			);
			name = Products;
			sourceTree = "<group>";
		};
		5B8185F61E16170A0024A14C /* QRBarcodeScanner Simple */ = {
			isa = PBXGroup;
			children = (
				5B8185FA1E16170A0024A14C /* AppDelegate.h */,
				5B8185FB1E16170A0024A14C /* AppDelegate.m */,
				5B8185FD1E16170A0024A14C /* RBScannerViewController.h */,
				5B8185FE1E16170A0024A14C /* RBScannerViewController.m */,
				5B8186001E16170A0024A14C /* Main.storyboard */,
				5B8186031E16170A0024A14C /* Assets.xcassets */,
				5B8186051E16170A0024A14C /* LaunchScreen.storyboard */,
				5B8186081E16170A0024A14C /* Info.plist */,
				5B8185F71E16170A0024A14C /* Supporting Files */,
			);
			path = "QRBarcodeScanner Simple";
			sourceTree = "<group>";
		};
		5B8185F71E16170A0024A14C /* Supporting Files */ = {
			isa = PBXGroup;
			children = (
				5B8185F81E16170A0024A14C /* main.m */,
			);
			name = "Supporting Files";
			sourceTree = "<group>";
		};
/* End PBXGroup section */

/* Begin PBXNativeTarget section */
		5B8185F31E16170A0024A14C /* QRBarcodeScanner Simple */ = {
			isa = PBXNativeTarget;
			buildConfigurationList = 5B81860B1E16170A0024A14C /* Build configuration list for PBXNativeTarget "QRBarcodeScanner Simple" */;
			buildPhases = (
				5B8185F01E16170A0024A14C /* Sources */,
				5B8185F11E16170A0024A14C /* Frameworks */,
				5B8185F21E16170A0024A14C /* Resources */,
			);
			buildRules = (
			);
			dependencies = (
			);
			name = "QRBarcodeScanner Simple";
			productName = "QRBarcodeScanner Simple";
			productReference = 5B8185F41E16170A0024A14C /* QRBarcodeScanner Simple.app */;
			productType = "com.apple.product-type.application";
		};
/* End PBXNativeTarget section */

/* Begin PBXProject section */
		5B8185EC1E16170A0024A14C /* Project object */ = {
			isa = PBXProject;
			attributes = {
				LastUpgradeCheck = 0820;
				ORGANIZATIONNAME = "Renato Cordeiro";
				TargetAttributes = {
					5B8185F31E16170A0024A14C = {
						CreatedOnToolsVersion = 8.2.1;
						DevelopmentTeam = BTWV22YMLF;
						ProvisioningStyle = Automatic;
					};
				};
			};
			buildConfigurationList = 5B8185EF1E16170A0024A14C /* Build configuration list for PBXProject "QRBarcodeScanner Simple" */;
			compatibilityVersion = "Xcode 3.2";
			developmentRegion = English;
			hasScannedForEncodings = 0;
			knownRegions = (
				en,
				Base,
			);
			mainGroup = 5B8185EB1E16170A0024A14C;
			productRefGroup = 5B8185F51E16170A0024A14C /* Products */;
			projectDirPath = "";
			projectRoot = "";
			targets = (
				5B8185F31E16170A0024A14C /* QRBarcodeScanner Simple */,
			);
		};
/* End PBXProject section */

/* Begin PBXResourcesBuildPhase section */
		5B8185F21E16170A0024A14C /* Resources */ = {
			isa = PBXResourcesBuildPhase;
			buildActionMask = 2147483647;
			files = (
				5B8186071E16170A0024A14C /* LaunchScreen.storyboard in Resources */,
				5B8186041E16170A0024A14C /* Assets.xcassets in Resources */,
				5B8186021E16170A0024A14C /* Main.storyboard in Resources */,
			);
			runOnlyForDeploymentPostprocessing = 0;
		};
/* End PBXResourcesBuildPhase section */

/* Begin PBXSourcesBuildPhase section */
		5B8185F01E16170A0024A14C /* Sources */ = {
			isa = PBXSourcesBuildPhase;
			buildActionMask = 2147483647;
			files = (
				5B8185FF1E16170A0024A14C /* RBScannerViewController.m in Sources */,
				5B8185FC1E16170A0024A14C /* AppDelegate.m in Sources */,
				5B8185F91E16170A0024A14C /* main.m in Sources */,
			);
			runOnlyForDeploymentPostprocessing = 0;
		};
/* End PBXSourcesBuildPhase section */

/* Begin PBXVariantGroup section */
		5B8186001E16170A0024A14C /* Main.storyboard */ = {
			isa = PBXVariantGroup;
			children = (
				5B8186011E16170A0024A14C /* Base */,
			);
			name = Main.storyboard;
			sourceTree = "<group>";
		};
		5B8186051E16170A0024A14C /* LaunchScreen.storyboard */ = {
			isa = PBXVariantGroup;
			children = (
				5B8186061E16170A0024A14C /* Base */,
			);
			name = LaunchScreen.storyboard;
			sourceTree = "<group>";
		};
/* End PBXVariantGroup section */

/* Begin XCBuildConfiguration section */
		5B8186091E16170A0024A14C /* Debug */ = {
			isa = XCBuildConfiguration;
			buildSettings = {
				ALWAYS_SEARCH_USER_PATHS = NO;
				CLANG_ANALYZER_NONNULL = YES;
				CLANG_CXX_LANGUAGE_STANDARD = "gnu++0x";
				CLANG_CXX_LIBRARY = "libc++";
				CLANG_ENABLE_MODULES = YES;
				CLANG_ENABLE_OBJC_ARC = YES;
				CLANG_WARN_BOOL_CONVERSION = YES;
				CLANG_WARN_CONSTANT_CONVERSION = YES;
				CLANG_WARN_DIRECT_OBJC_ISA_USAGE = YES_ERROR;
				CLANG_WARN_DOCUMENTATION_COMMENTS = YES;
				CLANG_WARN_EMPTY_BODY = YES;
				CLANG_WARN_ENUM_CONVERSION = YES;
				CLANG_WARN_INFINITE_RECURSION = YES;
				CLANG_WARN_INT_CONVERSION = YES;
				CLANG_WARN_OBJC_ROOT_CLASS = YES_ERROR;
				CLANG_WARN_SUSPICIOUS_MOVE = YES;
				CLANG_WARN_UNREACHABLE_CODE = YES;
				CLANG_WARN__DUPLICATE_METHOD_MATCH = YES;
				"CODE_SIGN_IDENTITY[sdk=iphoneos*]" = "iPhone Developer";
				COPY_PHASE_STRIP = NO;
				DEBUG_INFORMATION_FORMAT = dwarf;
				ENABLE_STRICT_OBJC_MSGSEND = YES;
				ENABLE_TESTABILITY = YES;
				GCC_C_LANGUAGE_STANDARD = gnu99;
				GCC_DYNAMIC_NO_PIC = NO;
				GCC_NO_COMMON_BLOCKS = YES;
				GCC_OPTIMIZATION_LEVEL = 0;
				GCC_PREPROCESSOR_DEFINITIONS = (
					"DEBUG=1",
					"$(inherited)",
				);
				GCC_WARN_64_TO_32_BIT_CONVERSION = YES;
				GCC_WARN_ABOUT_RETURN_TYPE = YES_ERROR;
				GCC_WARN_UNDECLARED_SELECTOR = YES;
				GCC_WARN_UNINITIALIZED_AUTOS = YES_AGGRESSIVE;
				GCC_WARN_UNUSED_FUNCTION = YES;
				GCC_WARN_UNUSED_VARIABLE = YES;
				IPHONEOS_DEPLOYMENT_TARGET = 10.2;
				MTL_ENABLE_DEBUG_INFO = YES;
				ONLY_ACTIVE_ARCH = YES;
				SDKROOT = iphoneos;
				TARGETED_DEVICE_FAMILY = "1,2";
			};
			name = Debug;
		};
		5B81860A1E16170A0024A14C /* Release */ = {
			isa = XCBuildConfiguration;
			buildSettings = {
				ALWAYS_SEARCH_USER_PATHS = NO;
				CLANG_ANALYZER_NONNULL = YES;
				CLANG_CXX_LANGUAGE_STANDARD = "gnu++0x";
				CLANG_CXX_LIBRARY = "libc++";
				CLANG_ENABLE_MODULES = YES;
				CLANG_ENABLE_OBJC_ARC = YES;
				CLANG_WARN_BOOL_CONVERSION = YES;
				CLANG_WARN_CONSTANT_CONVERSION = YES;
				CLANG_WARN_DIRECT_OBJC_ISA_USAGE = YES_ERROR;
				CLANG_WARN_DOCUMENTATION_COMMENTS = YES;
				CLANG_WARN_EMPTY_BODY = YES;
				CLANG_WARN_ENUM_CONVERSION = YES;
				CLANG_WARN_INFINITE_RECURSION = YES;
				CLANG_WARN_INT_CONVERSION = YES;
				CLANG_WARN_OBJC_ROOT_CLASS = YES_ERROR;
				CLANG_WARN_SUSPICIOUS_MOVE = YES;
				CLANG_WARN_UNREACHABLE_CODE = YES;
				CLANG_WARN__DUPLICATE_METHOD_MATCH = YES;
				"CODE_SIGN_IDENTITY[sdk=iphoneos*]" = "iPhone Developer";
				COPY_PHASE_STRIP = NO;
				DEBUG_INFORMATION_FORMAT = "dwarf-with-dsym";
				ENABLE_NS_ASSERTIONS = NO;
				ENABLE_STRICT_OBJC_MSGSEND = YES;
				GCC_C_LANGUAGE_STANDARD = gnu99;
				GCC_NO_COMMON_BLOCKS = YES;
				GCC_WARN_64_TO_32_BIT_CONVERSION = YES;
				GCC_WARN_ABOUT_RETURN_TYPE = YES_ERROR;
				GCC_WARN_UNDECLARED_SELECTOR = YES;
				GCC_WARN_UNINITIALIZED_AUTOS = YES_AGGRESSIVE;
				GCC_WARN_UNUSED_FUNCTION = YES;
				GCC_WARN_UNUSED_VARIABLE = YES;
				IPHONEOS_DEPLOYMENT_TARGET = 10.2;
				MTL_ENABLE_DEBUG_INFO = NO;
				SDKROOT = iphoneos;
				TARGETED_DEVICE_FAMILY = "1,2";
				VALIDATE_PRODUCT = YES;
			};
			name = Release;
		};
		5B81860C1E16170A0024A14C /* Debug */ = {
			isa = XCBuildConfiguration;
			buildSettings = {
				ASSETCATALOG_COMPILER_APPICON_NAME = AppIcon;
				DEVELOPMENT_TEAM = BTWV22YMLF;
				INFOPLIST_FILE = "QRBarcodeScanner Simple/Info.plist";
				LD_RUNPATH_SEARCH_PATHS = "$(inherited) @executable_path/Frameworks";
				PRODUCT_BUNDLE_IDENTIFIER = "net.redbeach.QRBarcodeScanner-Simple";
				PRODUCT_NAME = "$(TARGET_NAME)";
			};
			name = Debug;
		};
		5B81860D1E16170A0024A14C /* Release */ = {
			isa = XCBuildConfiguration;
			buildSettings = {
				ASSETCATALOG_COMPILER_APPICON_NAME = AppIcon;
				DEVELOPMENT_TEAM = BTWV22YMLF;
				INFOPLIST_FILE = "QRBarcodeScanner Simple/Info.plist";
				LD_RUNPATH_SEARCH_PATHS = "$(inherited) @executable_path/Frameworks";
				PRODUCT_BUNDLE_IDENTIFIER = "net.redbeach.QRBarcodeScanner-Simple";
				PRODUCT_NAME = "$(TARGET_NAME)";
			};
			name = Release;
		};
/* End XCBuildConfiguration section */

/* Begin XCConfigurationList section */
		5B8185EF1E16170A0024A14C /* Build configuration list for PBXProject "QRBarcodeScanner Simple" */ = {
			isa = XCConfigurationList;
			buildConfigurations = (
				5B8186091E16170A0024A14C /* Debug */,
				5B81860A1E16170A0024A14C /* Release */,
			);
			defaultConfigurationIsVisible = 0;
			defaultConfigurationName = Release;
		};
		5B81860B1E16170A0024A14C /* Build configuration list for PBXNativeTarget "QRBarcodeScanner Simple" */ = {
			isa = XCConfigurationList;
			buildConfigurations = (
				5B81860C1E16170A0024A14C /* Debug */,
				5B81860D1E16170A0024A14C /* Release */,
			);
			defaultConfigurationIsVisible = 0;
			defaultConfigurationName = Release;
		};
/* End XCConfigurationList section */
	};
	rootObject = 5B8185EC1E16170A0024A14C /* Project object */;
}
